
Microsoft Visual Studio Solution File, Format Version 12.00
# Visual Studio Version 16
VisualStudioVersion = 16.0.31424.327
MinimumVisualStudioVersion = 10.0.40219.1
Project("{FAE04EC0-301F-11D3-BF4B-00C04F79EFBC}") = "Activity2ADO", "Activity2ADO\Activity2ADO.csproj", "{33C5B21C-EFDC-4756-8971-A9C1153E7084}"
EndProject
Project("{FAE04EC0-301F-11D3-BF4B-00C04F79EFBC}") = "Activity2ADODTO", "Activity2ADODTO\Activity2ADODTO.csproj", "{5D47DA25-DA83-4390-A0A1-6C130CFBC589}"
EndProject
Project("{FAE04EC0-301F-11D3-BF4B-00C04F79EFBC}") = "Activity2ADODAL", "Activity2ADODAL\Activity2ADODAL.csproj", "{6D0ABF82-F047-4CEC-938D-CB0FFA1EAB08}"
EndProject
Project("{FAE04EC0-301F-11D3-BF4B-00C04F79EFBC}") = "Activity2ADOBL", "Activity2ADOBL\Activity2ADOBL.csproj", "{0599F336-CE14-402F-9A43-23F48D826495}"
EndProject
Global
	GlobalSection(SolutionConfigurationPlatforms) = preSolution
		Debug|Any CPU = Debug|Any CPU
		Release|Any CPU = Release|Any CPU
	EndGlobalSection
	GlobalSection(ProjectConfigurationPlatforms) = postSolution
		{33C5B21C-EFDC-4756-8971-A9C1153E7084}.Debug|Any CPU.ActiveCfg = Debug|Any CPU
		{33C5B21C-EFDC-4756-8971-A9C1153E7084}.Debug|Any CPU.Build.0 = Debug|Any CPU
		{33C5B21C-EFDC-4756-8971-A9C1153E7084}.Release|Any CPU.ActiveCfg = Release|Any CPU
		{33C5B21C-EFDC-4756-8971-A9C1153E7084}.Release|Any CPU.Build.0 = Release|Any CPU
		{5D47DA25-DA83-4390-A0A1-6C130CFBC589}.Debug|Any CPU.ActiveCfg = Debug|Any CPU
		{5D47DA25-DA83-4390-A0A1-6C130CFBC589}.Debug|Any CPU.Build.0 = Debug|Any CPU
		{5D47DA25-DA83-4390-A0A1-6C130CFBC589}.Release|Any CPU.ActiveCfg = Release|Any CPU
		{5D47DA25-DA83-4390-A0A1-6C130CFBC589}.Release|Any CPU.Build.0 = Release|Any CPU
		{6D0ABF82-F047-4CEC-938D-CB0FFA1EAB08}.Debug|Any CPU.ActiveCfg = Debug|Any CPU
		{6D0ABF82-F047-4CEC-938D-CB0FFA1EAB08}.Debug|Any CPU.Build.0 = Debug|Any CPU
		{6D0ABF82-F047-4CEC-938D-CB0FFA1EAB08}.Release|Any CPU.ActiveCfg = Release|Any CPU
		{6D0ABF82-F047-4CEC-938D-CB0FFA1EAB08}.Release|Any CPU.Build.0 = Release|Any CPU
		{0599F336-CE14-402F-9A43-23F48D826495}.Debug|Any CPU.ActiveCfg = Debug|Any CPU
		{0599F336-CE14-402F-9A43-23F48D826495}.Debug|Any CPU.Build.0 = Debug|Any CPU
		{0599F336-CE14-402F-9A43-23F48D826495}.Release|Any CPU.ActiveCfg = Release|Any CPU
		{0599F336-CE14-402F-9A43-23F48D826495}.Release|Any CPU.Build.0 = Release|Any CPU
	EndGlobalSection
	GlobalSection(SolutionProperties) = preSolution
		HideSolutionNode = FALSE
	EndGlobalSection
	GlobalSection(ExtensibilityGlobals) = postSolution
		SolutionGuid = {688956A4-AB91-4E22-AD5F-B73D8D489F95}
	EndGlobalSection
EndGlobal
